
Microsoft Visual Studio Solution File, Format Version 12.00
# Visual Studio Version 17
VisualStudioVersion = 17.7.34031.279
MinimumVisualStudioVersion = 10.0.40219.1
Project("{9A19103F-16F7-4668-BE54-9A1E7A4F7556}") = "MortagePlan", "MortagePlan\MortagePlan.csproj", "{CF51457F-A5FE-428E-B032-8AA14CA719B7}"
EndProject
Project("{FAE04EC0-301F-11D3-BF4B-00C04F79EFBC}") = "MortageNUnitTesting", "MortageNUnitTesting\MortageNUnitTesting.csproj", "{A2B34766-C1BC-4939-9C2F-9602CD62CECE}"
EndProject
Global
	GlobalSection(SolutionConfigurationPlatforms) = preSolution
		Debug|Any CPU = Debug|Any CPU
		Release|Any CPU = Release|Any CPU
	EndGlobalSection
	GlobalSection(ProjectConfigurationPlatforms) = postSolution
		{CF51457F-A5FE-428E-B032-8AA14CA719B7}.Debug|Any CPU.ActiveCfg = Debug|Any CPU
		{CF51457F-A5FE-428E-B032-8AA14CA719B7}.Debug|Any CPU.Build.0 = Debug|Any CPU
		{CF51457F-A5FE-428E-B032-8AA14CA719B7}.Release|Any CPU.ActiveCfg = Release|Any CPU
		{CF51457F-A5FE-428E-B032-8AA14CA719B7}.Release|Any CPU.Build.0 = Release|Any CPU
		{A2B34766-C1BC-4939-9C2F-9602CD62CECE}.Debug|Any CPU.ActiveCfg = Debug|Any CPU
		{A2B34766-C1BC-4939-9C2F-9602CD62CECE}.Debug|Any CPU.Build.0 = Debug|Any CPU
		{A2B34766-C1BC-4939-9C2F-9602CD62CECE}.Release|Any CPU.ActiveCfg = Release|Any CPU
		{A2B34766-C1BC-4939-9C2F-9602CD62CECE}.Release|Any CPU.Build.0 = Release|Any CPU
	EndGlobalSection
	GlobalSection(SolutionProperties) = preSolution
		HideSolutionNode = FALSE
	EndGlobalSection
	GlobalSection(ExtensibilityGlobals) = postSolution
		SolutionGuid = {76454F91-529D-4CCC-93A2-E4019DB661E5}
	EndGlobalSection
EndGlobal
